
Microsoft Visual Studio Solution File, Format Version 12.00
# Visual Studio Version 16
VisualStudioVersion = 16.0.28729.10
MinimumVisualStudioVersion = 10.0.40219.1
Project("{FAE04EC0-301F-11D3-BF4B-00C04F79EFBC}") = "Proyecto", "Proyecto\Proyecto.csproj", "{0B0AB46E-D459-49E8-AE7E-866BF46F8CBE}"
EndProject
Project("{FAE04EC0-301F-11D3-BF4B-00C04F79EFBC}") = "Entidad", "Entidad\Entidad.csproj", "{99871DF5-3DE0-434E-8A76-12996EA1C0C0}"
EndProject
Project("{FAE04EC0-301F-11D3-BF4B-00C04F79EFBC}") = "LogicaNegocio", "LogicaNegocio\LogicaNegocio.csproj", "{EDE16218-5D7D-4AA5-B331-AB18E89FFB74}"
EndProject
Project("{FAE04EC0-301F-11D3-BF4B-00C04F79EFBC}") = "AccesoDatos", "AccesoDatos\AccesoDatos.csproj", "{A2315AD2-CF0A-425A-BB10-5C29839F2F37}"
EndProject
Global
	GlobalSection(SolutionConfigurationPlatforms) = preSolution
		Debug|Any CPU = Debug|Any CPU
		Release|Any CPU = Release|Any CPU
	EndGlobalSection
	GlobalSection(ProjectConfigurationPlatforms) = postSolution
		{0B0AB46E-D459-49E8-AE7E-866BF46F8CBE}.Debug|Any CPU.ActiveCfg = Debug|Any CPU
		{0B0AB46E-D459-49E8-AE7E-866BF46F8CBE}.Debug|Any CPU.Build.0 = Debug|Any CPU
		{0B0AB46E-D459-49E8-AE7E-866BF46F8CBE}.Release|Any CPU.ActiveCfg = Release|Any CPU
		{0B0AB46E-D459-49E8-AE7E-866BF46F8CBE}.Release|Any CPU.Build.0 = Release|Any CPU
		{99871DF5-3DE0-434E-8A76-12996EA1C0C0}.Debug|Any CPU.ActiveCfg = Debug|Any CPU
		{99871DF5-3DE0-434E-8A76-12996EA1C0C0}.Debug|Any CPU.Build.0 = Debug|Any CPU
		{99871DF5-3DE0-434E-8A76-12996EA1C0C0}.Release|Any CPU.ActiveCfg = Release|Any CPU
		{99871DF5-3DE0-434E-8A76-12996EA1C0C0}.Release|Any CPU.Build.0 = Release|Any CPU
		{EDE16218-5D7D-4AA5-B331-AB18E89FFB74}.Debug|Any CPU.ActiveCfg = Debug|Any CPU
		{EDE16218-5D7D-4AA5-B331-AB18E89FFB74}.Debug|Any CPU.Build.0 = Debug|Any CPU
		{EDE16218-5D7D-4AA5-B331-AB18E89FFB74}.Release|Any CPU.ActiveCfg = Release|Any CPU
		{EDE16218-5D7D-4AA5-B331-AB18E89FFB74}.Release|Any CPU.Build.0 = Release|Any CPU
		{A2315AD2-CF0A-425A-BB10-5C29839F2F37}.Debug|Any CPU.ActiveCfg = Debug|Any CPU
		{A2315AD2-CF0A-425A-BB10-5C29839F2F37}.Debug|Any CPU.Build.0 = Debug|Any CPU
		{A2315AD2-CF0A-425A-BB10-5C29839F2F37}.Release|Any CPU.ActiveCfg = Release|Any CPU
		{A2315AD2-CF0A-425A-BB10-5C29839F2F37}.Release|Any CPU.Build.0 = Release|Any CPU
	EndGlobalSection
	GlobalSection(SolutionProperties) = preSolution
		HideSolutionNode = FALSE
	EndGlobalSection
	GlobalSection(ExtensibilityGlobals) = postSolution
		SolutionGuid = {9DAED9BB-9923-4658-9FBA-37FB5F67CA97}
	EndGlobalSection
EndGlobal
